
Microsoft Visual Studio Solution File, Format Version 12.00
# Visual Studio Version 16
VisualStudioVersion = 16.0.32106.194
MinimumVisualStudioVersion = 10.0.40219.1
Project("{FAE04EC0-301F-11D3-BF4B-00C04F79EFBC}") = "EasySavev2", "EasySavev2\EasySavev2.csproj", "{8AB26163-EC96-418F-8C5B-1C1AEBCBD27D}"
EndProject
Global
	GlobalSection(SolutionConfigurationPlatforms) = preSolution
		Debug|Any CPU = Debug|Any CPU
		Release|Any CPU = Release|Any CPU
	EndGlobalSection
	GlobalSection(ProjectConfigurationPlatforms) = postSolution
		{8AB26163-EC96-418F-8C5B-1C1AEBCBD27D}.Debug|Any CPU.ActiveCfg = Debug|Any CPU
		{8AB26163-EC96-418F-8C5B-1C1AEBCBD27D}.Debug|Any CPU.Build.0 = Debug|Any CPU
		{8AB26163-EC96-418F-8C5B-1C1AEBCBD27D}.Release|Any CPU.ActiveCfg = Release|Any CPU
		{8AB26163-EC96-418F-8C5B-1C1AEBCBD27D}.Release|Any CPU.Build.0 = Release|Any CPU
	EndGlobalSection
	GlobalSection(SolutionProperties) = preSolution
		HideSolutionNode = FALSE
	EndGlobalSection
	GlobalSection(ExtensibilityGlobals) = postSolution
		SolutionGuid = {32EB7FF0-AA41-4E8B-8157-7882ADC88BD9}
	EndGlobalSection
EndGlobal
